
Microsoft Visual Studio Solution File, Format Version 12.00
# Visual Studio Version 16
VisualStudioVersion = 16.0.30104.148
MinimumVisualStudioVersion = 10.0.40219.1
Project("{FAE04EC0-301F-11D3-BF4B-00C04F79EFBC}") = "Interoperabilidade", "Interoperabilidade.csproj", "{39A15C37-99E3-461F-A1E4-DBE60C9465B2}"
EndProject
Project("{FAE04EC0-301F-11D3-BF4B-00C04F79EFBC}") = "Interoperabilidade.DAO", "..\Interoperabilidade.DAO\Interoperabilidade.DAO.csproj", "{BC9CAC92-821C-4B05-9618-7798696ABB95}"
EndProject
Global
	GlobalSection(SolutionConfigurationPlatforms) = preSolution
		Debug|Any CPU = Debug|Any CPU
		Release|Any CPU = Release|Any CPU
	EndGlobalSection
	GlobalSection(ProjectConfigurationPlatforms) = postSolution
		{39A15C37-99E3-461F-A1E4-DBE60C9465B2}.Debug|Any CPU.ActiveCfg = Debug|Any CPU
		{39A15C37-99E3-461F-A1E4-DBE60C9465B2}.Debug|Any CPU.Build.0 = Debug|Any CPU
		{39A15C37-99E3-461F-A1E4-DBE60C9465B2}.Release|Any CPU.ActiveCfg = Release|Any CPU
		{39A15C37-99E3-461F-A1E4-DBE60C9465B2}.Release|Any CPU.Build.0 = Release|Any CPU
		{BC9CAC92-821C-4B05-9618-7798696ABB95}.Debug|Any CPU.ActiveCfg = Debug|Any CPU
		{BC9CAC92-821C-4B05-9618-7798696ABB95}.Debug|Any CPU.Build.0 = Debug|Any CPU
		{BC9CAC92-821C-4B05-9618-7798696ABB95}.Release|Any CPU.ActiveCfg = Release|Any CPU
		{BC9CAC92-821C-4B05-9618-7798696ABB95}.Release|Any CPU.Build.0 = Release|Any CPU
	EndGlobalSection
	GlobalSection(SolutionProperties) = preSolution
		HideSolutionNode = FALSE
	EndGlobalSection
	GlobalSection(ExtensibilityGlobals) = postSolution
		SolutionGuid = {BA8CE152-1692-4433-9738-8908EE8BA175}
	EndGlobalSection
EndGlobal
